PODS:
  - iOSDFULibrary (3.0.3):
    - Zip (~> 0.6)
  - Zip (0.6.0)

DEPENDENCIES:
  - iOSDFULibrary

SPEC CHECKSUMS:
  iOSDFULibrary: 8ee219333340f3cee943189d91c1165e142c5e7a
  Zip: 805fc2fa9d2f05bbb7762d982d7a42ccdcc51f42

PODFILE CHECKSUM: 2c79c356f0e849c8177a3679b820b282c06fe686

COCOAPODS: 1.1.1
