PODS:
  - iOSDFULibrary (3.0.3):
    - Zip (~> 0.6)
  - Zip (0.6.0)

DEPENDENCIES:
  - iOSDFULibrary

SPEC CHECKSUMS:
  iOSDFULibrary: 8ee219333340f3cee943189d91c1165e142c5e7a
  Zip: 805fc2fa9d2f05bbb7762d982d7a42ccdcc51f42

PODFILE CHECKSUM: d84c02f829d7541f0673e3e080f5a4530d44b027

COCOAPODS: 1.1.1
