// !$*UTF8*$!
{
	archiveVersion = 1;
	classes = {
	};
	objectVersion = 46;
	objects = {

/* Begin PBXBuildFile section */
		A8BCAC2449E279C3545C91D6 /* Pods_ConsoleTest.framework in Frameworks */ = {isa = PBXBuildFile; fileRef = CBCCC9B1ECAC243FEBAC5A37 /* Pods_ConsoleTest.framework */; };
		D35BFABF1E26C60300FE8747 /* iOSDFULibrary.framework in Frameworks */ = {isa = PBXBuildFile; fileRef = D35BFABE1E26C60300FE8747 /* iOSDFULibrary.framework */; };
		D39EB3C21E1C4CFB00C0630A /* main.swift in Sources */ = {isa = PBXBuildFile; fileRef = D39EB3C11E1C4CFB00C0630A /* main.swift */; };
		D3B0029E1E59A120004752D1 /* Zip.framework in Frameworks */ = {isa = PBXBuildFile; fileRef = D3B0029D1E59A120004752D1 /* Zip.framework */; };
/* End PBXBuildFile section */

/* Begin PBXCopyFilesBuildPhase section */
		D39EB3BC1E1C4CFA00C0630A /* CopyFiles */ = {
			isa = PBXCopyFilesBuildPhase;
			buildActionMask = 2147483647;
			dstPath = /usr/share/man/man1/;
			dstSubfolderSpec = 0;
			files = (
			);
			runOnlyForDeploymentPostprocessing = 1;
		};
/* End PBXCopyFilesBuildPhase section */

/* Begin PBXFileReference section */
		46443F9096612FEA4461118B /* Pods-ConsoleTest.release.xcconfig */ = {isa = PBXFileReference; includeInIndex = 1; lastKnownFileType = text.xcconfig; name = "Pods-ConsoleTest.release.xcconfig"; path = "Pods/Target Support Files/Pods-ConsoleTest/Pods-ConsoleTest.release.xcconfig"; sourceTree = "<group>"; };
		CBCCC9B1ECAC243FEBAC5A37 /* Pods_ConsoleTest.framework */ = {isa = PBXFileReference; explicitFileType = wrapper.framework; includeInIndex = 0; path = Pods_ConsoleTest.framework; sourceTree = BUILT_PRODUCTS_DIR; };
		D35BFABE1E26C60300FE8747 /* iOSDFULibrary.framework */ = {isa = PBXFileReference; lastKnownFileType = wrapper.framework; name = iOSDFULibrary.framework; path = "../../Library/Developer/Xcode/DerivedData/ConsoleTest-gsednicwagprcxayqopwhtsyhmqx/Build/Products/Debug/iOSDFULibrary/iOSDFULibrary.framework"; sourceTree = "<group>"; };
		D39EB3BE1E1C4CFA00C0630A /* ConsoleTest */ = {isa = PBXFileReference; explicitFileType = "compiled.mach-o.executable"; includeInIndex = 0; path = ConsoleTest; sourceTree = BUILT_PRODUCTS_DIR; };
		D39EB3C11E1C4CFB00C0630A /* main.swift */ = {isa = PBXFileReference; lastKnownFileType = sourcecode.swift; path = main.swift; sourceTree = "<group>"; };
		D3B0029D1E59A120004752D1 /* Zip.framework */ = {isa = PBXFileReference; lastKnownFileType = wrapper.framework; name = Zip.framework; path = "../../../Library/Developer/Xcode/DerivedData/ConsoleTest-gxrwvacnhthxmvgiswmmpvcncftm/Build/Products/Debug/Zip/Zip.framework"; sourceTree = "<group>"; };
		D6FDCA269208FE938E7B18E9 /* Pods-ConsoleTest.debug.xcconfig */ = {isa = PBXFileReference; includeInIndex = 1; lastKnownFileType = text.xcconfig; name = "Pods-ConsoleTest.debug.xcconfig"; path = "Pods/Target Support Files/Pods-ConsoleTest/Pods-ConsoleTest.debug.xcconfig"; sourceTree = "<group>"; };
/* End PBXFileReference section */

/* Begin PBXFrameworksBuildPhase section */
		D39EB3BB1E1C4CFA00C0630A /* Frameworks */ = {
			isa = PBXFrameworksBuildPhase;
			buildActionMask = 2147483647;
			files = (
				D3B0029E1E59A120004752D1 /* Zip.framework in Frameworks */,
				D35BFABF1E26C60300FE8747 /* iOSDFULibrary.framework in Frameworks */,
				A8BCAC2449E279C3545C91D6 /* Pods_ConsoleTest.framework in Frameworks */,
			);
			runOnlyForDeploymentPostprocessing = 0;
		};
/* End PBXFrameworksBuildPhase section */

/* Begin PBXGroup section */
		2F9369C5DFADC8C132FBA9FE /* Frameworks */ = {
			isa = PBXGroup;
			children = (
				D3B0029D1E59A120004752D1 /* Zip.framework */,
				D35BFABE1E26C60300FE8747 /* iOSDFULibrary.framework */,
				CBCCC9B1ECAC243FEBAC5A37 /* Pods_ConsoleTest.framework */,
			);
			name = Frameworks;
			sourceTree = "<group>";
		};
		695D45C27E11E45646E13DDF /* Pods */ = {
			isa = PBXGroup;
			children = (
				D6FDCA269208FE938E7B18E9 /* Pods-ConsoleTest.debug.xcconfig */,
				46443F9096612FEA4461118B /* Pods-ConsoleTest.release.xcconfig */,
			);
			name = Pods;
			sourceTree = "<group>";
		};
		D39EB3B51E1C4CFA00C0630A = {
			isa = PBXGroup;
			children = (
				D39EB3C01E1C4CFA00C0630A /* ConsoleTest */,
				D39EB3BF1E1C4CFA00C0630A /* Products */,
				695D45C27E11E45646E13DDF /* Pods */,
				2F9369C5DFADC8C132FBA9FE /* Frameworks */,
			);
			sourceTree = "<group>";
		};
		D39EB3BF1E1C4CFA00C0630A /* Products */ = {
			isa = PBXGroup;
			children = (
				D39EB3BE1E1C4CFA00C0630A /* ConsoleTest */,
			);
			name = Products;
			sourceTree = "<group>";
		};
		D39EB3C01E1C4CFA00C0630A /* ConsoleTest */ = {
			isa = PBXGroup;
			children = (
				D39EB3C11E1C4CFB00C0630A /* main.swift */,
			);
			path = ConsoleTest;
			sourceTree = "<group>";
		};
/* End PBXGroup section */

/* Begin PBXNativeTarget section */
		D39EB3BD1E1C4CFA00C0630A /* ConsoleTest */ = {
			isa = PBXNativeTarget;
			buildConfigurationList = D39EB3C51E1C4CFB00C0630A /* Build configuration list for PBXNativeTarget "ConsoleTest" */;
			buildPhases = (
				6109AA3983E3DDCB8795C88F /* [CP] Check Pods Manifest.lock */,
				D39EB3BA1E1C4CFA00C0630A /* Sources */,
				D39EB3BB1E1C4CFA00C0630A /* Frameworks */,
				D39EB3BC1E1C4CFA00C0630A /* CopyFiles */,
				601C652C7CA8C31B54325D81 /* [CP] Copy Pods Resources */,
				D3E308791E57AE3100369271 /* ShellScript */,
			);
			buildRules = (
			);
			dependencies = (
			);
			name = ConsoleTest;
			productName = ConsoleTest;
			productReference = D39EB3BE1E1C4CFA00C0630A /* ConsoleTest */;
			productType = "com.apple.product-type.tool";
		};
/* End PBXNativeTarget section */

/* Begin PBXProject section */
		D39EB3B61E1C4CFA00C0630A /* Project object */ = {
			isa = PBXProject;
			attributes = {
				LastSwiftUpdateCheck = 0820;
				LastUpgradeCheck = 0820;
				ORGANIZATIONNAME = "Arduino S.r.l.";
				TargetAttributes = {
					D39EB3BD1E1C4CFA00C0630A = {
						CreatedOnToolsVersion = 8.2.1;
						DevelopmentTeam = H53844JCWZ;
						ProvisioningStyle = Automatic;
					};
				};
			};
			buildConfigurationList = D39EB3B91E1C4CFA00C0630A /* Build configuration list for PBXProject "ConsoleTest" */;
			compatibilityVersion = "Xcode 3.2";
			developmentRegion = English;
			hasScannedForEncodings = 0;
			knownRegions = (
				en,
			);
			mainGroup = D39EB3B51E1C4CFA00C0630A;
			productRefGroup = D39EB3BF1E1C4CFA00C0630A /* Products */;
			projectDirPath = "";
			projectRoot = "";
			targets = (
				D39EB3BD1E1C4CFA00C0630A /* ConsoleTest */,
			);
		};
/* End PBXProject section */

/* Begin PBXShellScriptBuildPhase section */
		601C652C7CA8C31B54325D81 /* [CP] Copy Pods Resources */ = {
			isa = PBXShellScriptBuildPhase;
			buildActionMask = 2147483647;
			files = (
			);
			inputPaths = (
			);
			name = "[CP] Copy Pods Resources";
			outputPaths = (
			);
			runOnlyForDeploymentPostprocessing = 0;
			shellPath = /bin/sh;
			shellScript = "\"${SRCROOT}/Pods/Target Support Files/Pods-ConsoleTest/Pods-ConsoleTest-resources.sh\"\n";
			showEnvVarsInLog = 0;
		};
		6109AA3983E3DDCB8795C88F /* [CP] Check Pods Manifest.lock */ = {
			isa = PBXShellScriptBuildPhase;
			buildActionMask = 2147483647;
			files = (
			);
			inputPaths = (
			);
			name = "[CP] Check Pods Manifest.lock";
			outputPaths = (
			);
			runOnlyForDeploymentPostprocessing = 0;
			shellPath = /bin/sh;
			shellScript = "diff \"${PODS_ROOT}/../Podfile.lock\" \"${PODS_ROOT}/Manifest.lock\" > /dev/null\nif [ $? != 0 ] ; then\n    # print error to STDERR\n    echo \"error: The sandbox is not in sync with the Podfile.lock. Run 'pod install' or update your CocoaPods installation.\" >&2\n    exit 1\nfi\n";
			showEnvVarsInLog = 0;
		};
		D3E308791E57AE3100369271 /* ShellScript */ = {
			isa = PBXShellScriptBuildPhase;
			buildActionMask = 2147483647;
			files = (
			);
			inputPaths = (
			);
			outputPaths = (
			);
			runOnlyForDeploymentPostprocessing = 0;
			shellPath = /bin/sh;
			shellScript = "";
		};
/* End PBXShellScriptBuildPhase section */

/* Begin PBXSourcesBuildPhase section */
		D39EB3BA1E1C4CFA00C0630A /* Sources */ = {
			isa = PBXSourcesBuildPhase;
			buildActionMask = 2147483647;
			files = (
				D39EB3C21E1C4CFB00C0630A /* main.swift in Sources */,
			);
			runOnlyForDeploymentPostprocessing = 0;
		};
/* End PBXSourcesBuildPhase section */

/* Begin XCBuildConfiguration section */
		D39EB3C31E1C4CFB00C0630A /* Debug */ = {
			isa = XCBuildConfiguration;
			buildSettings = {
				ALWAYS_SEARCH_USER_PATHS = NO;
				CLANG_ANALYZER_NONNULL = YES;
				CLANG_CXX_LANGUAGE_STANDARD = "gnu++0x";
				CLANG_CXX_LIBRARY = "libc++";
				CLANG_ENABLE_MODULES = YES;
				CLANG_ENABLE_OBJC_ARC = YES;
				CLANG_WARN_BOOL_CONVERSION = YES;
				CLANG_WARN_CONSTANT_CONVERSION = YES;
				CLANG_WARN_DIRECT_OBJC_ISA_USAGE = YES_ERROR;
				CLANG_WARN_DOCUMENTATION_COMMENTS = YES;
				CLANG_WARN_EMPTY_BODY = YES;
				CLANG_WARN_ENUM_CONVERSION = YES;
				CLANG_WARN_INFINITE_RECURSION = YES;
				CLANG_WARN_INT_CONVERSION = YES;
				CLANG_WARN_OBJC_ROOT_CLASS = YES_ERROR;
				CLANG_WARN_SUSPICIOUS_MOVE = YES;
				CLANG_WARN_UNREACHABLE_CODE = YES;
				CLANG_WARN__DUPLICATE_METHOD_MATCH = YES;
				CODE_SIGN_IDENTITY = "-";
				COPY_PHASE_STRIP = NO;
				DEBUG_INFORMATION_FORMAT = dwarf;
				ENABLE_STRICT_OBJC_MSGSEND = YES;
				ENABLE_TESTABILITY = YES;
				GCC_C_LANGUAGE_STANDARD = gnu99;
				GCC_DYNAMIC_NO_PIC = NO;
				GCC_NO_COMMON_BLOCKS = YES;
				GCC_OPTIMIZATION_LEVEL = 0;
				GCC_PREPROCESSOR_DEFINITIONS = (
					"DEBUG=1",
					"$(inherited)",
				);
				GCC_WARN_64_TO_32_BIT_CONVERSION = YES;
				GCC_WARN_ABOUT_RETURN_TYPE = YES_ERROR;
				GCC_WARN_UNDECLARED_SELECTOR = YES;
				GCC_WARN_UNINITIALIZED_AUTOS = YES_AGGRESSIVE;
				GCC_WARN_UNUSED_FUNCTION = YES;
				GCC_WARN_UNUSED_VARIABLE = YES;
				MACOSX_DEPLOYMENT_TARGET = 10.12;
				MTL_ENABLE_DEBUG_INFO = YES;
				ONLY_ACTIVE_ARCH = YES;
				SDKROOT = macosx;
				SWIFT_OPTIMIZATION_LEVEL = "-Onone";
			};
			name = Debug;
		};
		D39EB3C41E1C4CFB00C0630A /* Release */ = {
			isa = XCBuildConfiguration;
			buildSettings = {
				ALWAYS_SEARCH_USER_PATHS = NO;
				CLANG_ANALYZER_NONNULL = YES;
				CLANG_CXX_LANGUAGE_STANDARD = "gnu++0x";
				CLANG_CXX_LIBRARY = "libc++";
				CLANG_ENABLE_MODULES = YES;
				CLANG_ENABLE_OBJC_ARC = YES;
				CLANG_WARN_BOOL_CONVERSION = YES;
				CLANG_WARN_CONSTANT_CONVERSION = YES;
				CLANG_WARN_DIRECT_OBJC_ISA_USAGE = YES_ERROR;
				CLANG_WARN_DOCUMENTATION_COMMENTS = YES;
				CLANG_WARN_EMPTY_BODY = YES;
				CLANG_WARN_ENUM_CONVERSION = YES;
				CLANG_WARN_INFINITE_RECURSION = YES;
				CLANG_WARN_INT_CONVERSION = YES;
				CLANG_WARN_OBJC_ROOT_CLASS = YES_ERROR;
				CLANG_WARN_SUSPICIOUS_MOVE = YES;
				CLANG_WARN_UNREACHABLE_CODE = YES;
				CLANG_WARN__DUPLICATE_METHOD_MATCH = YES;
				CODE_SIGN_IDENTITY = "-";
				COPY_PHASE_STRIP = NO;
				DEBUG_INFORMATION_FORMAT = "dwarf-with-dsym";
				ENABLE_NS_ASSERTIONS = NO;
				ENABLE_STRICT_OBJC_MSGSEND = YES;
				GCC_C_LANGUAGE_STANDARD = gnu99;
				GCC_NO_COMMON_BLOCKS = YES;
				GCC_WARN_64_TO_32_BIT_CONVERSION = YES;
				GCC_WARN_ABOUT_RETURN_TYPE = YES_ERROR;
				GCC_WARN_UNDECLARED_SELECTOR = YES;
				GCC_WARN_UNINITIALIZED_AUTOS = YES_AGGRESSIVE;
				GCC_WARN_UNUSED_FUNCTION = YES;
				GCC_WARN_UNUSED_VARIABLE = YES;
				MACOSX_DEPLOYMENT_TARGET = 10.12;
				MTL_ENABLE_DEBUG_INFO = NO;
				SDKROOT = macosx;
			};
			name = Release;
		};
		D39EB3C61E1C4CFB00C0630A /* Debug */ = {
			isa = XCBuildConfiguration;
			baseConfigurationReference = D6FDCA269208FE938E7B18E9 /* Pods-ConsoleTest.debug.xcconfig */;
			buildSettings = {
				DEVELOPMENT_TEAM = H53844JCWZ;
				PRODUCT_NAME = "$(TARGET_NAME)";
				SWIFT_VERSION = 3.0;
			};
			name = Debug;
		};
		D39EB3C71E1C4CFB00C0630A /* Release */ = {
			isa = XCBuildConfiguration;
			baseConfigurationReference = 46443F9096612FEA4461118B /* Pods-ConsoleTest.release.xcconfig */;
			buildSettings = {
				DEVELOPMENT_TEAM = H53844JCWZ;
				PRODUCT_NAME = "$(TARGET_NAME)";
				SWIFT_VERSION = 3.0;
			};
			name = Release;
		};
/* End XCBuildConfiguration section */

/* Begin XCConfigurationList section */
		D39EB3B91E1C4CFA00C0630A /* Build configuration list for PBXProject "ConsoleTest" */ = {
			isa = XCConfigurationList;
			buildConfigurations = (
				D39EB3C31E1C4CFB00C0630A /* Debug */,
				D39EB3C41E1C4CFB00C0630A /* Release */,
			);
			defaultConfigurationIsVisible = 0;
			defaultConfigurationName = Release;
		};
		D39EB3C51E1C4CFB00C0630A /* Build configuration list for PBXNativeTarget "ConsoleTest" */ = {
			isa = XCConfigurationList;
			buildConfigurations = (
				D39EB3C61E1C4CFB00C0630A /* Debug */,
				D39EB3C71E1C4CFB00C0630A /* Release */,
			);
			defaultConfigurationIsVisible = 0;
			defaultConfigurationName = Release;
		};
/* End XCConfigurationList section */
	};
	rootObject = D39EB3B61E1C4CFA00C0630A /* Project object */;
}
