<?xml version="1.0" encoding="UTF-8"?>
<Scheme
   LastUpgradeVersion = "0810"
   version = "1.3">
   <BuildAction
      parallelizeBuildables = "YES"
      buildImplicitDependencies = "YES">
      <BuildActionEntries>
         <BuildActionEntry
            buildForTesting = "YES"
            buildForRunning = "YES"
            buildForProfiling = "YES"
            buildForArchiving = "YES"
            buildForAnalyzing = "YES">
            <BuildableReference
               BuildableIdentifier = "primary"
               BlueprintIdentifier = "3FA145421BCCDBF000BEA19A"
               BuildableName = "nrfDFU"
               BlueprintName = "nrfDFU"
               ReferencedContainer = "container:nrfDFU.xcodeproj">
            </BuildableReference>
         </BuildActionEntry>
      </BuildActionEntries>
   </BuildAction>
   <TestAction
      buildConfiguration = "Debug"
      selectedDebuggerIdentifier = "Xcode.DebuggerFoundation.Debugger.LLDB"
      selectedLauncherIdentifier = "Xcode.DebuggerFoundation.Launcher.LLDB"
      shouldUseLaunchSchemeArgsEnv = "YES">
      <Testables>
      </Testables>
      <MacroExpansion>
         <BuildableReference
            BuildableIdentifier = "primary"
            BlueprintIdentifier = "3FA145421BCCDBF000BEA19A"
            BuildableName = "nrfDFU"
            BlueprintName = "nrfDFU"
            ReferencedContainer = "container:nrfDFU.xcodeproj">
         </BuildableReference>
      </MacroExpansion>
      <AdditionalOptions>
      </AdditionalOptions>
   </TestAction>
   <LaunchAction
      buildConfiguration = "Debug"
      selectedDebuggerIdentifier = "Xcode.DebuggerFoundation.Debugger.LLDB"
      selectedLauncherIdentifier = "Xcode.DebuggerFoundation.Launcher.LLDB"
      launchStyle = "0"
      useCustomWorkingDirectory = "NO"
      ignoresPersistentStateOnLaunch = "NO"
      debugDocumentVersioning = "YES"
      debugServiceExtension = "internal"
      allowLocationSimulation = "YES">
      <BuildableProductRunnable
         runnableDebuggingMode = "0">
         <BuildableReference
            BuildableIdentifier = "primary"
            BlueprintIdentifier = "3FA145421BCCDBF000BEA19A"
            BuildableName = "nrfDFU"
            BlueprintName = "nrfDFU"
            ReferencedContainer = "container:nrfDFU.xcodeproj">
         </BuildableReference>
      </BuildableProductRunnable>
      <CommandLineArguments>
         <CommandLineArgument
            argument = "update"
            isEnabled = "NO">
         </CommandLineArgument>
         <CommandLineArgument
            argument = "discover"
            isEnabled = "NO">
         </CommandLineArgument>
         <CommandLineArgument
            argument = "update EB7AED72-31E7-4DA7-831B-B59C158B3DFF /users/chiara/Documents/nrfDFU/app_blink_package_500/nrf52832_xxaa_s132.bin"
            isEnabled = "NO">
         </CommandLineArgument>
         <CommandLineArgument
            argument = "update CA70D541-C392-415E-992C-9E48BE935674 /users/chiara/Documents/nrfDFU/app_blink_package_500/nrf52832_xxaa_s132.bin /users/chiara/Documents/nrfDFU/app_blink_package_500/nrf52832_xxaa_s132.dat"
            isEnabled = "YES">
         </CommandLineArgument>
      </CommandLineArguments>
      <AdditionalOptions>
      </AdditionalOptions>
   </LaunchAction>
   <ProfileAction
      buildConfiguration = "Release"
      shouldUseLaunchSchemeArgsEnv = "YES"
      savedToolIdentifier = ""
      useCustomWorkingDirectory = "NO"
      debugDocumentVersioning = "YES">
      <BuildableProductRunnable
         runnableDebuggingMode = "0">
         <BuildableReference
            BuildableIdentifier = "primary"
            BlueprintIdentifier = "3FA145421BCCDBF000BEA19A"
            BuildableName = "nrfDFU"
            BlueprintName = "nrfDFU"
            ReferencedContainer = "container:nrfDFU.xcodeproj">
         </BuildableReference>
      </BuildableProductRunnable>
   </ProfileAction>
   <AnalyzeAction
      buildConfiguration = "Debug">
   </AnalyzeAction>
   <ArchiveAction
      buildConfiguration = "Release"
      revealArchiveInOrganizer = "YES">
   </ArchiveAction>
</Scheme>
